// !$*UTF8*$!
{
	archiveVersion = 1;
	classes = {
	};
	objectVersion = 56;
	objects = {

/* Begin PBXBuildFile section */
		0DAAD7542A73B3AE00BC23DB /* Boinda_dreamLandApp.swift in Sources */ = {isa = PBXBuildFile; fileRef = 0DAAD7532A73B3AE00BC23DB /* Boinda_dreamLandApp.swift */; };
		0DAAD7562A73B3AE00BC23DB /* ContentView.swift in Sources */ = {isa = PBXBuildFile; fileRef = 0DAAD7552A73B3AE00BC23DB /* ContentView.swift */; };
		0DAAD7582A73B3B000BC23DB /* Assets.xcassets in Resources */ = {isa = PBXBuildFile; fileRef = 0DAAD7572A73B3B000BC23DB /* Assets.xcassets */; };
		0DAAD75B2A73B3B000BC23DB /* Preview Assets.xcassets in Resources */ = {isa = PBXBuildFile; fileRef = 0DAAD75A2A73B3B000BC23DB /* Preview Assets.xcassets */; };
		0DAAD7652A73B3B000BC23DB /* Boinda_dreamLandTests.swift in Sources */ = {isa = PBXBuildFile; fileRef = 0DAAD7642A73B3B000BC23DB /* Boinda_dreamLandTests.swift */; };
		0DAAD76F2A73B3B000BC23DB /* Boinda_dreamLandUITests.swift in Sources */ = {isa = PBXBuildFile; fileRef = 0DAAD76E2A73B3B000BC23DB /* Boinda_dreamLandUITests.swift */; };
		0DAAD7712A73B3B000BC23DB /* Boinda_dreamLandUITestsLaunchTests.swift in Sources */ = {isa = PBXBuildFile; fileRef = 0DAAD7702A73B3B000BC23DB /* Boinda_dreamLandUITestsLaunchTests.swift */; };
		0DAAD77E2A73B44400BC23DB /* CameraViewModel.swift in Sources */ = {isa = PBXBuildFile; fileRef = 0DAAD77D2A73B44400BC23DB /* CameraViewModel.swift */; };
		0DAAD7842A73CEC100BC23DB /* ResultManager.swift in Sources */ = {isa = PBXBuildFile; fileRef = 0DAAD7832A73CEC100BC23DB /* ResultManager.swift */; };
		0DAAD78B2A742D8D00BC23DB /* gorebab.mlmodel in Sources */ = {isa = PBXBuildFile; fileRef = 0DAAD78A2A742D8D00BC23DB /* gorebab.mlmodel */; };
		0DAAD7902A74346300BC23DB /* HapticHelper.swift in Sources */ = {isa = PBXBuildFile; fileRef = 0DAAD78F2A74346300BC23DB /* HapticHelper.swift */; };

		0DAAD7932A743EAA00BC23DB /* Frame.swift in Sources */ = {isa = PBXBuildFile; fileRef = 0DAAD7922A743EAA00BC23DB /* Frame.swift */; };
		0DAAD7952A743EAF00BC23DB /* Navigator.swift in Sources */ = {isa = PBXBuildFile; fileRef = 0DAAD7942A743EAF00BC23DB /* Navigator.swift */; };
		0DF6CFD42A744069007DF515 /* SettingView.swift in Sources */ = {isa = PBXBuildFile; fileRef = 0DF6CFD32A744069007DF515 /* SettingView.swift */; };
		0DF6CFD72A744106007DF515 /* CGSize+Ext.swift in Sources */ = {isa = PBXBuildFile; fileRef = 0DF6CFD62A744106007DF515 /* CGSize+Ext.swift */; };
		0DF6CFDB2A746832007DF515 /* coca.mlmodel in Sources */ = {isa = PBXBuildFile; fileRef = 0DF6CFDA2A746832007DF515 /* coca.mlmodel */; };
		0DF6CFDF2A746EF9007DF515 /* menu.svg in Resources */ = {isa = PBXBuildFile; fileRef = 0DF6CFDE2A746EF8007DF515 /* menu.svg */; };
/* End PBXBuildFile section */

/* Begin PBXContainerItemProxy section */
		0DAAD7612A73B3B000BC23DB /* PBXContainerItemProxy */ = {
			isa = PBXContainerItemProxy;
			containerPortal = 0DAAD7482A73B3AE00BC23DB /* Project object */;
			proxyType = 1;
			remoteGlobalIDString = 0DAAD74F2A73B3AE00BC23DB;
			remoteInfo = Boinda_dreamLand;
		};
		0DAAD76B2A73B3B000BC23DB /* PBXContainerItemProxy */ = {
			isa = PBXContainerItemProxy;
			containerPortal = 0DAAD7482A73B3AE00BC23DB /* Project object */;
			proxyType = 1;
			remoteGlobalIDString = 0DAAD74F2A73B3AE00BC23DB;
			remoteInfo = Boinda_dreamLand;
		};
/* End PBXContainerItemProxy section */

/* Begin PBXFileReference section */
		0DAAD7502A73B3AE00BC23DB /* Boinda_dreamLand.app */ = {isa = PBXFileReference; explicitFileType = wrapper.application; includeInIndex = 0; path = Boinda_dreamLand.app; sourceTree = BUILT_PRODUCTS_DIR; };
		0DAAD7532A73B3AE00BC23DB /* Boinda_dreamLandApp.swift */ = {isa = PBXFileReference; lastKnownFileType = sourcecode.swift; path = Boinda_dreamLandApp.swift; sourceTree = "<group>"; };
		0DAAD7552A73B3AE00BC23DB /* ContentView.swift */ = {isa = PBXFileReference; lastKnownFileType = sourcecode.swift; path = ContentView.swift; sourceTree = "<group>"; };
		0DAAD7572A73B3B000BC23DB /* Assets.xcassets */ = {isa = PBXFileReference; lastKnownFileType = folder.assetcatalog; path = Assets.xcassets; sourceTree = "<group>"; };
		0DAAD75A2A73B3B000BC23DB /* Preview Assets.xcassets */ = {isa = PBXFileReference; lastKnownFileType = folder.assetcatalog; path = "Preview Assets.xcassets"; sourceTree = "<group>"; };
		0DAAD7602A73B3B000BC23DB /* Boinda_dreamLandTests.xctest */ = {isa = PBXFileReference; explicitFileType = wrapper.cfbundle; includeInIndex = 0; path = Boinda_dreamLandTests.xctest; sourceTree = BUILT_PRODUCTS_DIR; };
		0DAAD7642A73B3B000BC23DB /* Boinda_dreamLandTests.swift */ = {isa = PBXFileReference; lastKnownFileType = sourcecode.swift; path = Boinda_dreamLandTests.swift; sourceTree = "<group>"; };
		0DAAD76A2A73B3B000BC23DB /* Boinda_dreamLandUITests.xctest */ = {isa = PBXFileReference; explicitFileType = wrapper.cfbundle; includeInIndex = 0; path = Boinda_dreamLandUITests.xctest; sourceTree = BUILT_PRODUCTS_DIR; };
		0DAAD76E2A73B3B000BC23DB /* Boinda_dreamLandUITests.swift */ = {isa = PBXFileReference; lastKnownFileType = sourcecode.swift; path = Boinda_dreamLandUITests.swift; sourceTree = "<group>"; };
		0DAAD7702A73B3B000BC23DB /* Boinda_dreamLandUITestsLaunchTests.swift */ = {isa = PBXFileReference; lastKnownFileType = sourcecode.swift; path = Boinda_dreamLandUITestsLaunchTests.swift; sourceTree = "<group>"; };
		0DAAD77D2A73B44400BC23DB /* CameraViewModel.swift */ = {isa = PBXFileReference; fileEncoding = 4; lastKnownFileType = sourcecode.swift; path = CameraViewModel.swift; sourceTree = "<group>"; };
		0DAAD7832A73CEC100BC23DB /* ResultManager.swift */ = {isa = PBXFileReference; lastKnownFileType = sourcecode.swift; path = ResultManager.swift; sourceTree = "<group>"; };
		0DAAD78A2A742D8D00BC23DB /* gorebab.mlmodel */ = {isa = PBXFileReference; lastKnownFileType = file.mlmodel; path = gorebab.mlmodel; sourceTree = "<group>"; };
		0DAAD78F2A74346300BC23DB /* HapticHelper.swift */ = {isa = PBXFileReference; lastKnownFileType = sourcecode.swift; path = HapticHelper.swift; sourceTree = "<group>"; };
		0DAAD7922A743EAA00BC23DB /* Frame.swift */ = {isa = PBXFileReference; fileEncoding = 4; lastKnownFileType = sourcecode.swift; path = Frame.swift; sourceTree = "<group>"; };
		0DAAD7942A743EAF00BC23DB /* Navigator.swift */ = {isa = PBXFileReference; fileEncoding = 4; lastKnownFileType = sourcecode.swift; path = Navigator.swift; sourceTree = "<group>"; };
		0DF6CFD32A744069007DF515 /* SettingView.swift */ = {isa = PBXFileReference; lastKnownFileType = sourcecode.swift; path = SettingView.swift; sourceTree = "<group>"; };
		0DF6CFD62A744106007DF515 /* CGSize+Ext.swift */ = {isa = PBXFileReference; lastKnownFileType = sourcecode.swift; path = "CGSize+Ext.swift"; sourceTree = "<group>"; };
		0DF6CFDA2A746832007DF515 /* coca.mlmodel */ = {isa = PBXFileReference; lastKnownFileType = file.mlmodel; path = coca.mlmodel; sourceTree = "<group>"; };
		0DF6CFDE2A746EF8007DF515 /* menu.svg */ = {isa = PBXFileReference; fileEncoding = 4; lastKnownFileType = text; path = menu.svg; sourceTree = "<group>"; };
/* End PBXFileReference section */

/* Begin PBXFrameworksBuildPhase section */
		0DAAD74D2A73B3AE00BC23DB /* Frameworks */ = {
			isa = PBXFrameworksBuildPhase;
			buildActionMask = 2147483647;
			files = (
			);
			runOnlyForDeploymentPostprocessing = 0;
		};
		0DAAD75D2A73B3B000BC23DB /* Frameworks */ = {
			isa = PBXFrameworksBuildPhase;
			buildActionMask = 2147483647;
			files = (
			);
			runOnlyForDeploymentPostprocessing = 0;
		};
		0DAAD7672A73B3B000BC23DB /* Frameworks */ = {
			isa = PBXFrameworksBuildPhase;
			buildActionMask = 2147483647;
			files = (
			);
			runOnlyForDeploymentPostprocessing = 0;
		};
/* End PBXFrameworksBuildPhase section */

/* Begin PBXGroup section */
		0DAAD7472A73B3AE00BC23DB = {
			isa = PBXGroup;
			children = (
				0DAAD7522A73B3AE00BC23DB /* Boinda_dreamLand */,
				0DAAD7632A73B3B000BC23DB /* Boinda_dreamLandTests */,
				0DAAD76D2A73B3B000BC23DB /* Boinda_dreamLandUITests */,
				0DAAD7512A73B3AE00BC23DB /* Products */,
			);
			sourceTree = "<group>";
		};
		0DAAD7512A73B3AE00BC23DB /* Products */ = {
			isa = PBXGroup;
			children = (
				0DAAD7502A73B3AE00BC23DB /* Boinda_dreamLand.app */,
				0DAAD7602A73B3B000BC23DB /* Boinda_dreamLandTests.xctest */,
				0DAAD76A2A73B3B000BC23DB /* Boinda_dreamLandUITests.xctest */,
			);
			name = Products;
			sourceTree = "<group>";
		};
		0DAAD7522A73B3AE00BC23DB /* Boinda_dreamLand */ = {
			isa = PBXGroup;
			children = (
				0DF6CFD52A7440F4007DF515 /* Ext+ */,
				0DAAD7852A73D15600BC23DB /* Model */,
				0DAAD7802A73B44D00BC23DB /* ViewModel */,
				0DAAD77F2A73B44900BC23DB /* View */,
				0DAAD7532A73B3AE00BC23DB /* Boinda_dreamLandApp.swift */,
				0DF6CFDE2A746EF8007DF515 /* menu.svg */,
				0DF6CFDA2A746832007DF515 /* coca.mlmodel */,
				0DAAD78A2A742D8D00BC23DB /* gorebab.mlmodel */,
				0DAAD7572A73B3B000BC23DB /* Assets.xcassets */,
				0DAAD7592A73B3B000BC23DB /* Preview Content */,
			);
			path = Boinda_dreamLand;
			sourceTree = "<group>";
		};
		0DAAD7592A73B3B000BC23DB /* Preview Content */ = {
			isa = PBXGroup;
			children = (
				0DAAD75A2A73B3B000BC23DB /* Preview Assets.xcassets */,
			);
			path = "Preview Content";
			sourceTree = "<group>";
		};
		0DAAD7632A73B3B000BC23DB /* Boinda_dreamLandTests */ = {
			isa = PBXGroup;
			children = (
				0DAAD7642A73B3B000BC23DB /* Boinda_dreamLandTests.swift */,
			);
			path = Boinda_dreamLandTests;
			sourceTree = "<group>";
		};
		0DAAD76D2A73B3B000BC23DB /* Boinda_dreamLandUITests */ = {
			isa = PBXGroup;
			children = (
				0DAAD76E2A73B3B000BC23DB /* Boinda_dreamLandUITests.swift */,
				0DAAD7702A73B3B000BC23DB /* Boinda_dreamLandUITestsLaunchTests.swift */,
			);
			path = Boinda_dreamLandUITests;
			sourceTree = "<group>";
		};
		0DAAD77F2A73B44900BC23DB /* View */ = {
			isa = PBXGroup;
			children = (
				0DAAD7552A73B3AE00BC23DB /* ContentView.swift */,
				0DF6CFD32A744069007DF515 /* SettingView.swift */,
				0DAAD7912A743EA100BC23DB /* Component */,
			);
			path = View;
			sourceTree = "<group>";
		};
		0DAAD7802A73B44D00BC23DB /* ViewModel */ = {
			isa = PBXGroup;
			children = (
				0DAAD77D2A73B44400BC23DB /* CameraViewModel.swift */,
				0DAAD7832A73CEC100BC23DB /* ResultManager.swift */,
			);
			path = ViewModel;
			sourceTree = "<group>";
		};
		0DAAD7852A73D15600BC23DB /* Model */ = {
			isa = PBXGroup;
			children = (
				0DAAD78E2A74345500BC23DB /* Helper */,
			);
			path = Model;
			sourceTree = "<group>";
		};
		0DAAD78E2A74345500BC23DB /* Helper */ = {
			isa = PBXGroup;
			children = (
				0DAAD78F2A74346300BC23DB /* HapticHelper.swift */,
			);
			path = Helper;
			sourceTree = "<group>";
		};
		0DAAD7912A743EA100BC23DB /* Component */ = {
			isa = PBXGroup;
			children = (
				0DAAD7942A743EAF00BC23DB /* Navigator.swift */,
				0DAAD7922A743EAA00BC23DB /* Frame.swift */,
			);
			path = Component;
			sourceTree = "<group>";
		};
		0DF6CFD52A7440F4007DF515 /* Ext+ */ = {
			isa = PBXGroup;
			children = (
				0DF6CFD62A744106007DF515 /* CGSize+Ext.swift */,
			);
			path = "Ext+";
			sourceTree = "<group>";
		};
/* End PBXGroup section */

/* Begin PBXNativeTarget section */
		0DAAD74F2A73B3AE00BC23DB /* Boinda_dreamLand */ = {
			isa = PBXNativeTarget;
			buildConfigurationList = 0DAAD7742A73B3B000BC23DB /* Build configuration list for PBXNativeTarget "Boinda_dreamLand" */;
			buildPhases = (
				0DAAD74C2A73B3AE00BC23DB /* Sources */,
				0DAAD74D2A73B3AE00BC23DB /* Frameworks */,
				0DAAD74E2A73B3AE00BC23DB /* Resources */,
			);
			buildRules = (
			);
			dependencies = (
			);
			name = Boinda_dreamLand;
			productName = Boinda_dreamLand;
			productReference = 0DAAD7502A73B3AE00BC23DB /* Boinda_dreamLand.app */;
			productType = "com.apple.product-type.application";
		};
		0DAAD75F2A73B3B000BC23DB /* Boinda_dreamLandTests */ = {
			isa = PBXNativeTarget;
			buildConfigurationList = 0DAAD7772A73B3B000BC23DB /* Build configuration list for PBXNativeTarget "Boinda_dreamLandTests" */;
			buildPhases = (
				0DAAD75C2A73B3B000BC23DB /* Sources */,
				0DAAD75D2A73B3B000BC23DB /* Frameworks */,
				0DAAD75E2A73B3B000BC23DB /* Resources */,
			);
			buildRules = (
			);
			dependencies = (
				0DAAD7622A73B3B000BC23DB /* PBXTargetDependency */,
			);
			name = Boinda_dreamLandTests;
			productName = Boinda_dreamLandTests;
			productReference = 0DAAD7602A73B3B000BC23DB /* Boinda_dreamLandTests.xctest */;
			productType = "com.apple.product-type.bundle.unit-test";
		};
		0DAAD7692A73B3B000BC23DB /* Boinda_dreamLandUITests */ = {
			isa = PBXNativeTarget;
			buildConfigurationList = 0DAAD77A2A73B3B000BC23DB /* Build configuration list for PBXNativeTarget "Boinda_dreamLandUITests" */;
			buildPhases = (
				0DAAD7662A73B3B000BC23DB /* Sources */,
				0DAAD7672A73B3B000BC23DB /* Frameworks */,
				0DAAD7682A73B3B000BC23DB /* Resources */,
			);
			buildRules = (
			);
			dependencies = (
				0DAAD76C2A73B3B000BC23DB /* PBXTargetDependency */,
			);
			name = Boinda_dreamLandUITests;
			productName = Boinda_dreamLandUITests;
			productReference = 0DAAD76A2A73B3B000BC23DB /* Boinda_dreamLandUITests.xctest */;
			productType = "com.apple.product-type.bundle.ui-testing";
		};
/* End PBXNativeTarget section */

/* Begin PBXProject section */
		0DAAD7482A73B3AE00BC23DB /* Project object */ = {
			isa = PBXProject;
			attributes = {
				BuildIndependentTargetsInParallel = 1;
				LastSwiftUpdateCheck = 1430;
				LastUpgradeCheck = 1430;
				TargetAttributes = {
					0DAAD74F2A73B3AE00BC23DB = {
						CreatedOnToolsVersion = 14.3;
					};
					0DAAD75F2A73B3B000BC23DB = {
						CreatedOnToolsVersion = 14.3;
						TestTargetID = 0DAAD74F2A73B3AE00BC23DB;
					};
					0DAAD7692A73B3B000BC23DB = {
						CreatedOnToolsVersion = 14.3;
						TestTargetID = 0DAAD74F2A73B3AE00BC23DB;
					};
				};
			};
			buildConfigurationList = 0DAAD74B2A73B3AE00BC23DB /* Build configuration list for PBXProject "Boinda_dreamLand" */;
			compatibilityVersion = "Xcode 14.0";
			developmentRegion = "ko-KR";
			hasScannedForEncodings = 0;
			knownRegions = (
				en,
				Base,
				"ko-KR",
			);
			mainGroup = 0DAAD7472A73B3AE00BC23DB;
			productRefGroup = 0DAAD7512A73B3AE00BC23DB /* Products */;
			projectDirPath = "";
			projectRoot = "";
			targets = (
				0DAAD74F2A73B3AE00BC23DB /* Boinda_dreamLand */,
				0DAAD75F2A73B3B000BC23DB /* Boinda_dreamLandTests */,
				0DAAD7692A73B3B000BC23DB /* Boinda_dreamLandUITests */,
			);
		};
/* End PBXProject section */

/* Begin PBXResourcesBuildPhase section */
		0DAAD74E2A73B3AE00BC23DB /* Resources */ = {
			isa = PBXResourcesBuildPhase;
			buildActionMask = 2147483647;
			files = (
				0DAAD75B2A73B3B000BC23DB /* Preview Assets.xcassets in Resources */,
				0DF6CFDF2A746EF9007DF515 /* menu.svg in Resources */,
				0DAAD7582A73B3B000BC23DB /* Assets.xcassets in Resources */,
			);
			runOnlyForDeploymentPostprocessing = 0;
		};
		0DAAD75E2A73B3B000BC23DB /* Resources */ = {
			isa = PBXResourcesBuildPhase;
			buildActionMask = 2147483647;
			files = (
			);
			runOnlyForDeploymentPostprocessing = 0;
		};
		0DAAD7682A73B3B000BC23DB /* Resources */ = {
			isa = PBXResourcesBuildPhase;
			buildActionMask = 2147483647;
			files = (
			);
			runOnlyForDeploymentPostprocessing = 0;
		};
/* End PBXResourcesBuildPhase section */

/* Begin PBXSourcesBuildPhase section */
		0DAAD74C2A73B3AE00BC23DB /* Sources */ = {
			isa = PBXSourcesBuildPhase;
			buildActionMask = 2147483647;
			files = (
				0DAAD7902A74346300BC23DB /* HapticHelper.swift in Sources */,
				0DAAD78B2A742D8D00BC23DB /* gorebab.mlmodel in Sources */,
				0DAAD77E2A73B44400BC23DB /* CameraViewModel.swift in Sources */,
				0DAAD7562A73B3AE00BC23DB /* ContentView.swift in Sources */,
				0DF6CFDB2A746832007DF515 /* coca.mlmodel in Sources */,
				0DAAD7952A743EAF00BC23DB /* Navigator.swift in Sources */,
				0DF6CFD72A744106007DF515 /* CGSize+Ext.swift in Sources */,
				0DAAD7542A73B3AE00BC23DB /* Boinda_dreamLandApp.swift in Sources */,
				0DF6CFD42A744069007DF515 /* SettingView.swift in Sources */,
				0DAAD7842A73CEC100BC23DB /* ResultManager.swift in Sources */,
				0DAAD7932A743EAA00BC23DB /* Frame.swift in Sources */,
			);
			runOnlyForDeploymentPostprocessing = 0;
		};
		0DAAD75C2A73B3B000BC23DB /* Sources */ = {
			isa = PBXSourcesBuildPhase;
			buildActionMask = 2147483647;
			files = (
				0DAAD7652A73B3B000BC23DB /* Boinda_dreamLandTests.swift in Sources */,
			);
			runOnlyForDeploymentPostprocessing = 0;
		};
		0DAAD7662A73B3B000BC23DB /* Sources */ = {
			isa = PBXSourcesBuildPhase;
			buildActionMask = 2147483647;
			files = (
				0DAAD7712A73B3B000BC23DB /* Boinda_dreamLandUITestsLaunchTests.swift in Sources */,
				0DAAD76F2A73B3B000BC23DB /* Boinda_dreamLandUITests.swift in Sources */,
			);
			runOnlyForDeploymentPostprocessing = 0;
		};
/* End PBXSourcesBuildPhase section */

/* Begin PBXTargetDependency section */
		0DAAD7622A73B3B000BC23DB /* PBXTargetDependency */ = {
			isa = PBXTargetDependency;
			target = 0DAAD74F2A73B3AE00BC23DB /* Boinda_dreamLand */;
			targetProxy = 0DAAD7612A73B3B000BC23DB /* PBXContainerItemProxy */;
		};
		0DAAD76C2A73B3B000BC23DB /* PBXTargetDependency */ = {
			isa = PBXTargetDependency;
			target = 0DAAD74F2A73B3AE00BC23DB /* Boinda_dreamLand */;
			targetProxy = 0DAAD76B2A73B3B000BC23DB /* PBXContainerItemProxy */;
		};
/* End PBXTargetDependency section */

/* Begin XCBuildConfiguration section */
		0DAAD7722A73B3B000BC23DB /* Debug */ = {
			isa = XCBuildConfiguration;
			buildSettings = {
				ALWAYS_SEARCH_USER_PATHS = NO;
				CLANG_ANALYZER_NONNULL = YES;
				CLANG_ANALYZER_NUMBER_OBJECT_CONVERSION = YES_AGGRESSIVE;
				CLANG_CXX_LANGUAGE_STANDARD = "gnu++20";
				CLANG_ENABLE_MODULES = YES;
				CLANG_ENABLE_OBJC_ARC = YES;
				CLANG_ENABLE_OBJC_WEAK = YES;
				CLANG_WARN_BLOCK_CAPTURE_AUTORELEASING = YES;
				CLANG_WARN_BOOL_CONVERSION = YES;
				CLANG_WARN_COMMA = YES;
				CLANG_WARN_CONSTANT_CONVERSION = YES;
				CLANG_WARN_DEPRECATED_OBJC_IMPLEMENTATIONS = YES;
				CLANG_WARN_DIRECT_OBJC_ISA_USAGE = YES_ERROR;
				CLANG_WARN_DOCUMENTATION_COMMENTS = YES;
				CLANG_WARN_EMPTY_BODY = YES;
				CLANG_WARN_ENUM_CONVERSION = YES;
				CLANG_WARN_INFINITE_RECURSION = YES;
				CLANG_WARN_INT_CONVERSION = YES;
				CLANG_WARN_NON_LITERAL_NULL_CONVERSION = YES;
				CLANG_WARN_OBJC_IMPLICIT_RETAIN_SELF = YES;
				CLANG_WARN_OBJC_LITERAL_CONVERSION = YES;
				CLANG_WARN_OBJC_ROOT_CLASS = YES_ERROR;
				CLANG_WARN_QUOTED_INCLUDE_IN_FRAMEWORK_HEADER = YES;
				CLANG_WARN_RANGE_LOOP_ANALYSIS = YES;
				CLANG_WARN_STRICT_PROTOTYPES = YES;
				CLANG_WARN_SUSPICIOUS_MOVE = YES;
				CLANG_WARN_UNGUARDED_AVAILABILITY = YES_AGGRESSIVE;
				CLANG_WARN_UNREACHABLE_CODE = YES;
				CLANG_WARN__DUPLICATE_METHOD_MATCH = YES;
				COPY_PHASE_STRIP = NO;
				DEBUG_INFORMATION_FORMAT = dwarf;
				ENABLE_STRICT_OBJC_MSGSEND = YES;
				ENABLE_TESTABILITY = YES;
				GCC_C_LANGUAGE_STANDARD = gnu11;
				GCC_DYNAMIC_NO_PIC = NO;
				GCC_NO_COMMON_BLOCKS = YES;
				GCC_OPTIMIZATION_LEVEL = 0;
				GCC_PREPROCESSOR_DEFINITIONS = (
					"DEBUG=1",
					"$(inherited)",
				);
				GCC_WARN_64_TO_32_BIT_CONVERSION = YES;
				GCC_WARN_ABOUT_RETURN_TYPE = YES_ERROR;
				GCC_WARN_UNDECLARED_SELECTOR = YES;
				GCC_WARN_UNINITIALIZED_AUTOS = YES_AGGRESSIVE;
				GCC_WARN_UNUSED_FUNCTION = YES;
				GCC_WARN_UNUSED_VARIABLE = YES;
				IPHONEOS_DEPLOYMENT_TARGET = 16.4;
				MTL_ENABLE_DEBUG_INFO = INCLUDE_SOURCE;
				MTL_FAST_MATH = YES;
				ONLY_ACTIVE_ARCH = YES;
				SDKROOT = iphoneos;
				SWIFT_ACTIVE_COMPILATION_CONDITIONS = DEBUG;
				SWIFT_OPTIMIZATION_LEVEL = "-Onone";
			};
			name = Debug;
		};
		0DAAD7732A73B3B000BC23DB /* Release */ = {
			isa = XCBuildConfiguration;
			buildSettings = {
				ALWAYS_SEARCH_USER_PATHS = NO;
				CLANG_ANALYZER_NONNULL = YES;
				CLANG_ANALYZER_NUMBER_OBJECT_CONVERSION = YES_AGGRESSIVE;
				CLANG_CXX_LANGUAGE_STANDARD = "gnu++20";
				CLANG_ENABLE_MODULES = YES;
				CLANG_ENABLE_OBJC_ARC = YES;
				CLANG_ENABLE_OBJC_WEAK = YES;
				CLANG_WARN_BLOCK_CAPTURE_AUTORELEASING = YES;
				CLANG_WARN_BOOL_CONVERSION = YES;
				CLANG_WARN_COMMA = YES;
				CLANG_WARN_CONSTANT_CONVERSION = YES;
				CLANG_WARN_DEPRECATED_OBJC_IMPLEMENTATIONS = YES;
				CLANG_WARN_DIRECT_OBJC_ISA_USAGE = YES_ERROR;
				CLANG_WARN_DOCUMENTATION_COMMENTS = YES;
				CLANG_WARN_EMPTY_BODY = YES;
				CLANG_WARN_ENUM_CONVERSION = YES;
				CLANG_WARN_INFINITE_RECURSION = YES;
				CLANG_WARN_INT_CONVERSION = YES;
				CLANG_WARN_NON_LITERAL_NULL_CONVERSION = YES;
				CLANG_WARN_OBJC_IMPLICIT_RETAIN_SELF = YES;
				CLANG_WARN_OBJC_LITERAL_CONVERSION = YES;
				CLANG_WARN_OBJC_ROOT_CLASS = YES_ERROR;
				CLANG_WARN_QUOTED_INCLUDE_IN_FRAMEWORK_HEADER = YES;
				CLANG_WARN_RANGE_LOOP_ANALYSIS = YES;
				CLANG_WARN_STRICT_PROTOTYPES = YES;
				CLANG_WARN_SUSPICIOUS_MOVE = YES;
				CLANG_WARN_UNGUARDED_AVAILABILITY = YES_AGGRESSIVE;
				CLANG_WARN_UNREACHABLE_CODE = YES;
				CLANG_WARN__DUPLICATE_METHOD_MATCH = YES;
				COPY_PHASE_STRIP = NO;
				DEBUG_INFORMATION_FORMAT = "dwarf-with-dsym";
				ENABLE_NS_ASSERTIONS = NO;
				ENABLE_STRICT_OBJC_MSGSEND = YES;
				GCC_C_LANGUAGE_STANDARD = gnu11;
				GCC_NO_COMMON_BLOCKS = YES;
				GCC_WARN_64_TO_32_BIT_CONVERSION = YES;
				GCC_WARN_ABOUT_RETURN_TYPE = YES_ERROR;
				GCC_WARN_UNDECLARED_SELECTOR = YES;
				GCC_WARN_UNINITIALIZED_AUTOS = YES_AGGRESSIVE;
				GCC_WARN_UNUSED_FUNCTION = YES;
				GCC_WARN_UNUSED_VARIABLE = YES;
				IPHONEOS_DEPLOYMENT_TARGET = 16.4;
				MTL_ENABLE_DEBUG_INFO = NO;
				MTL_FAST_MATH = YES;
				SDKROOT = iphoneos;
				SWIFT_COMPILATION_MODE = wholemodule;
				SWIFT_OPTIMIZATION_LEVEL = "-O";
				VALIDATE_PRODUCT = YES;
			};
			name = Release;
		};
		0DAAD7752A73B3B000BC23DB /* Debug */ = {
			isa = XCBuildConfiguration;
			buildSettings = {
				ASSETCATALOG_COMPILER_APPICON_NAME = AppIcon;
				ASSETCATALOG_COMPILER_GLOBAL_ACCENT_COLOR_NAME = AccentColor;
				CODE_SIGN_STYLE = Automatic;
				CURRENT_PROJECT_VERSION = 1;
				DEVELOPMENT_ASSET_PATHS = "\"Boinda_dreamLand/Preview Content\"";
				DEVELOPMENT_TEAM = YPDFZL299R;
				ENABLE_PREVIEWS = YES;
				GENERATE_INFOPLIST_FILE = YES;
				INFOPLIST_KEY_NSCameraUsageDescription = "식품을 인식하기 위해 카메라가 필요해요.";
				INFOPLIST_KEY_UIApplicationSceneManifest_Generation = YES;
				INFOPLIST_KEY_UIApplicationSupportsIndirectInputEvents = YES;
				INFOPLIST_KEY_UILaunchScreen_Generation = YES;
				INFOPLIST_KEY_UISupportedInterfaceOrientations_iPad = "UIInterfaceOrientationPortrait UIInterfaceOrientationPortraitUpsideDown UIInterfaceOrientationLandscapeLeft UIInterfaceOrientationLandscapeRight";
				INFOPLIST_KEY_UISupportedInterfaceOrientations_iPhone = "UIInterfaceOrientationPortrait UIInterfaceOrientationLandscapeLeft UIInterfaceOrientationLandscapeRight";
				LD_RUNPATH_SEARCH_PATHS = (
					"$(inherited)",
					"@executable_path/Frameworks",
				);
				MARKETING_VERSION = 1.0;
				PRODUCT_BUNDLE_IDENTIFIER = com.moro.boinda.it7946;
				PRODUCT_NAME = "$(TARGET_NAME)";
				SWIFT_EMIT_LOC_STRINGS = YES;
				SWIFT_VERSION = 5.0;
				TARGETED_DEVICE_FAMILY = "1,2";
			};
			name = Debug;
		};
		0DAAD7762A73B3B000BC23DB /* Release */ = {
			isa = XCBuildConfiguration;
			buildSettings = {
				ASSETCATALOG_COMPILER_APPICON_NAME = AppIcon;
				ASSETCATALOG_COMPILER_GLOBAL_ACCENT_COLOR_NAME = AccentColor;
				CODE_SIGN_STYLE = Automatic;
				CURRENT_PROJECT_VERSION = 1;
				DEVELOPMENT_ASSET_PATHS = "\"Boinda_dreamLand/Preview Content\"";
				DEVELOPMENT_TEAM = YPDFZL299R;
				ENABLE_PREVIEWS = YES;
				GENERATE_INFOPLIST_FILE = YES;
				INFOPLIST_KEY_NSCameraUsageDescription = "식품을 인식하기 위해 카메라가 필요해요.";
				INFOPLIST_KEY_UIApplicationSceneManifest_Generation = YES;
				INFOPLIST_KEY_UIApplicationSupportsIndirectInputEvents = YES;
				INFOPLIST_KEY_UILaunchScreen_Generation = YES;
				INFOPLIST_KEY_UISupportedInterfaceOrientations_iPad = "UIInterfaceOrientationPortrait UIInterfaceOrientationPortraitUpsideDown UIInterfaceOrientationLandscapeLeft UIInterfaceOrientationLandscapeRight";
				INFOPLIST_KEY_UISupportedInterfaceOrientations_iPhone = "UIInterfaceOrientationPortrait UIInterfaceOrientationLandscapeLeft UIInterfaceOrientationLandscapeRight";
				LD_RUNPATH_SEARCH_PATHS = (
					"$(inherited)",
					"@executable_path/Frameworks",
				);
				MARKETING_VERSION = 1.0;
				PRODUCT_BUNDLE_IDENTIFIER = com.moro.boinda.it7946;
				PRODUCT_NAME = "$(TARGET_NAME)";
				SWIFT_EMIT_LOC_STRINGS = YES;
				SWIFT_VERSION = 5.0;
				TARGETED_DEVICE_FAMILY = "1,2";
			};
			name = Release;
		};
		0DAAD7782A73B3B000BC23DB /* Debug */ = {
			isa = XCBuildConfiguration;
			buildSettings = {
				ALWAYS_EMBED_SWIFT_STANDARD_LIBRARIES = YES;
				BUNDLE_LOADER = "$(TEST_HOST)";
				CODE_SIGN_STYLE = Automatic;
				CURRENT_PROJECT_VERSION = 1;
				DEVELOPMENT_TEAM = YPDFZL299R;
				GENERATE_INFOPLIST_FILE = YES;
				IPHONEOS_DEPLOYMENT_TARGET = 16.4;
				MARKETING_VERSION = 1.0;
				PRODUCT_BUNDLE_IDENTIFIER = "it794613.Boinda-dreamLandTests";
				PRODUCT_NAME = "$(TARGET_NAME)";
				SWIFT_EMIT_LOC_STRINGS = NO;
				SWIFT_VERSION = 5.0;
				TARGETED_DEVICE_FAMILY = "1,2";
				TEST_HOST = "$(BUILT_PRODUCTS_DIR)/Boinda_dreamLand.app/$(BUNDLE_EXECUTABLE_FOLDER_PATH)/Boinda_dreamLand";
			};
			name = Debug;
		};
		0DAAD7792A73B3B000BC23DB /* Release */ = {
			isa = XCBuildConfiguration;
			buildSettings = {
				ALWAYS_EMBED_SWIFT_STANDARD_LIBRARIES = YES;
				BUNDLE_LOADER = "$(TEST_HOST)";
				CODE_SIGN_STYLE = Automatic;
				CURRENT_PROJECT_VERSION = 1;
				DEVELOPMENT_TEAM = YPDFZL299R;
				GENERATE_INFOPLIST_FILE = YES;
				IPHONEOS_DEPLOYMENT_TARGET = 16.4;
				MARKETING_VERSION = 1.0;
				PRODUCT_BUNDLE_IDENTIFIER = "it794613.Boinda-dreamLandTests";
				PRODUCT_NAME = "$(TARGET_NAME)";
				SWIFT_EMIT_LOC_STRINGS = NO;
				SWIFT_VERSION = 5.0;
				TARGETED_DEVICE_FAMILY = "1,2";
				TEST_HOST = "$(BUILT_PRODUCTS_DIR)/Boinda_dreamLand.app/$(BUNDLE_EXECUTABLE_FOLDER_PATH)/Boinda_dreamLand";
			};
			name = Release;
		};
		0DAAD77B2A73B3B000BC23DB /* Debug */ = {
			isa = XCBuildConfiguration;
			buildSettings = {
				ALWAYS_EMBED_SWIFT_STANDARD_LIBRARIES = YES;
				CODE_SIGN_STYLE = Automatic;
				CURRENT_PROJECT_VERSION = 1;
				DEVELOPMENT_TEAM = YPDFZL299R;
				GENERATE_INFOPLIST_FILE = YES;
				MARKETING_VERSION = 1.0;
				PRODUCT_BUNDLE_IDENTIFIER = "it794613.Boinda-dreamLandUITests";
				PRODUCT_NAME = "$(TARGET_NAME)";
				SWIFT_EMIT_LOC_STRINGS = NO;
				SWIFT_VERSION = 5.0;
				TARGETED_DEVICE_FAMILY = "1,2";
				TEST_TARGET_NAME = Boinda_dreamLand;
			};
			name = Debug;
		};
		0DAAD77C2A73B3B000BC23DB /* Release */ = {
			isa = XCBuildConfiguration;
			buildSettings = {
				ALWAYS_EMBED_SWIFT_STANDARD_LIBRARIES = YES;
				CODE_SIGN_STYLE = Automatic;
				CURRENT_PROJECT_VERSION = 1;
				DEVELOPMENT_TEAM = YPDFZL299R;
				GENERATE_INFOPLIST_FILE = YES;
				MARKETING_VERSION = 1.0;
				PRODUCT_BUNDLE_IDENTIFIER = "it794613.Boinda-dreamLandUITests";
				PRODUCT_NAME = "$(TARGET_NAME)";
				SWIFT_EMIT_LOC_STRINGS = NO;
				SWIFT_VERSION = 5.0;
				TARGETED_DEVICE_FAMILY = "1,2";
				TEST_TARGET_NAME = Boinda_dreamLand;
			};
			name = Release;
		};
/* End XCBuildConfiguration section */

/* Begin XCConfigurationList section */
		0DAAD74B2A73B3AE00BC23DB /* Build configuration list for PBXProject "Boinda_dreamLand" */ = {
			isa = XCConfigurationList;
			buildConfigurations = (
				0DAAD7722A73B3B000BC23DB /* Debug */,
				0DAAD7732A73B3B000BC23DB /* Release */,
			);
			defaultConfigurationIsVisible = 0;
			defaultConfigurationName = Release;
		};
		0DAAD7742A73B3B000BC23DB /* Build configuration list for PBXNativeTarget "Boinda_dreamLand" */ = {
			isa = XCConfigurationList;
			buildConfigurations = (
				0DAAD7752A73B3B000BC23DB /* Debug */,
				0DAAD7762A73B3B000BC23DB /* Release */,
			);
			defaultConfigurationIsVisible = 0;
			defaultConfigurationName = Release;
		};
		0DAAD7772A73B3B000BC23DB /* Build configuration list for PBXNativeTarget "Boinda_dreamLandTests" */ = {
			isa = XCConfigurationList;
			buildConfigurations = (
				0DAAD7782A73B3B000BC23DB /* Debug */,
				0DAAD7792A73B3B000BC23DB /* Release */,
			);
			defaultConfigurationIsVisible = 0;
			defaultConfigurationName = Release;
		};
		0DAAD77A2A73B3B000BC23DB /* Build configuration list for PBXNativeTarget "Boinda_dreamLandUITests" */ = {
			isa = XCConfigurationList;
			buildConfigurations = (
				0DAAD77B2A73B3B000BC23DB /* Debug */,
				0DAAD77C2A73B3B000BC23DB /* Release */,
			);
			defaultConfigurationIsVisible = 0;
			defaultConfigurationName = Release;
		};
/* End XCConfigurationList section */
	};
	rootObject = 0DAAD7482A73B3AE00BC23DB /* Project object */;
}
